{
  "originHash" : "07c481f78530633414abc9722c6a9555fee22b1ba5c0ecf5333023960a25940d",
  "pins" : [
    {
      "identity" : "zeticmlangeios",
      "kind" : "remoteSourceControl",
      "location" : "https://github.com/zetic-ai/ZeticMLangeiOS.git",
      "state" : {
        "revision" : "74cc54b93d1b4792473bf6433d37561b4df4dbd6",
        "version" : "1.5.9"
      }
    }
  ],
  "version" : 3
}
